
Microsoft Visual Studio Solution File, Format Version 12.00
# Visual Studio Version 16
VisualStudioVersion = 16.0.33027.164
MinimumVisualStudioVersion = 10.0.40219.1
Project("{FAE04EC0-301F-11D3-BF4B-00C04F79EFBC}") = "Tejasya", "Tejasya\Tejasya.csproj", "{FD9D3A90-222D-4CE5-A2D2-4F434DF65E88}"
EndProject
Global
	GlobalSection(SolutionConfigurationPlatforms) = preSolution
		Debug|Any CPU = Debug|Any CPU
		Release|Any CPU = Release|Any CPU
	EndGlobalSection
	GlobalSection(ProjectConfigurationPlatforms) = postSolution
		{FD9D3A90-222D-4CE5-A2D2-4F434DF65E88}.Debug|Any CPU.ActiveCfg = Debug|Any CPU
		{FD9D3A90-222D-4CE5-A2D2-4F434DF65E88}.Debug|Any CPU.Build.0 = Debug|Any CPU
		{FD9D3A90-222D-4CE5-A2D2-4F434DF65E88}.Release|Any CPU.ActiveCfg = Release|Any CPU
		{FD9D3A90-222D-4CE5-A2D2-4F434DF65E88}.Release|Any CPU.Build.0 = Release|Any CPU
	EndGlobalSection
	GlobalSection(SolutionProperties) = preSolution
		HideSolutionNode = FALSE
	EndGlobalSection
	GlobalSection(ExtensibilityGlobals) = postSolution
		SolutionGuid = {2FC15D81-A892-463E-948D-750A51F9140C}
	EndGlobalSection
EndGlobal
